
Microsoft Visual Studio Solution File, Format Version 12.00
# Visual Studio Version 17
VisualStudioVersion = 17.10.34928.147
MinimumVisualStudioVersion = 10.0.40219.1
Project("{FAE04EC0-301F-11D3-BF4B-00C04F79EFBC}") = "G6.NetITIMVCDay01", "G6.NetITIMVCDay01\G6.NetITIMVCDay01.csproj", "{AB964DD7-DEAE-4D99-A387-E292A2C1E434}"
EndProject
Global
	GlobalSection(SolutionConfigurationPlatforms) = preSolution
		Debug|Any CPU = Debug|Any CPU
		Release|Any CPU = Release|Any CPU
	EndGlobalSection
	GlobalSection(ProjectConfigurationPlatforms) = postSolution
		{AB964DD7-DEAE-4D99-A387-E292A2C1E434}.Debug|Any CPU.ActiveCfg = Debug|Any CPU
		{AB964DD7-DEAE-4D99-A387-E292A2C1E434}.Debug|Any CPU.Build.0 = Debug|Any CPU
		{AB964DD7-DEAE-4D99-A387-E292A2C1E434}.Release|Any CPU.ActiveCfg = Release|Any CPU
		{AB964DD7-DEAE-4D99-A387-E292A2C1E434}.Release|Any CPU.Build.0 = Release|Any CPU
	EndGlobalSection
	GlobalSection(SolutionProperties) = preSolution
		HideSolutionNode = FALSE
	EndGlobalSection
	GlobalSection(ExtensibilityGlobals) = postSolution
		SolutionGuid = {646DC5B3-D0FE-43FE-8D7B-AB45F37389E7}
	EndGlobalSection
EndGlobal
